
Microsoft Visual Studio Solution File, Format Version 12.00
# Visual Studio Version 17
VisualStudioVersion = 17.2.32630.192
MinimumVisualStudioVersion = 10.0.40219.1
Project("{FAE04EC0-301F-11D3-BF4B-00C04F79EFBC}") = "MyContainerApp", "MyContainerApp\MyContainerApp.csproj", "{F906C1F2-3513-4D95-858B-22C5DAB30BEC}"
EndProject
Project("{A07B5EB6-E848-4116-A8D0-A826331D98C6}") = "MyContainerAppSfc", "MyContainerAppSfc\MyContainerAppSfc.sfproj", "{D7ED48CA-CF26-48F0-AB13-334A5DF34F7B}"
EndProject
Global
	GlobalSection(SolutionConfigurationPlatforms) = preSolution
		Debug|Any CPU = Debug|Any CPU
		Debug|x64 = Debug|x64
		Release|Any CPU = Release|Any CPU
		Release|x64 = Release|x64
	EndGlobalSection
	GlobalSection(ProjectConfigurationPlatforms) = postSolution
		{F906C1F2-3513-4D95-858B-22C5DAB30BEC}.Debug|Any CPU.ActiveCfg = Debug|Any CPU
		{F906C1F2-3513-4D95-858B-22C5DAB30BEC}.Debug|Any CPU.Build.0 = Debug|Any CPU
		{F906C1F2-3513-4D95-858B-22C5DAB30BEC}.Debug|x64.ActiveCfg = Debug|Any CPU
		{F906C1F2-3513-4D95-858B-22C5DAB30BEC}.Debug|x64.Build.0 = Debug|Any CPU
		{F906C1F2-3513-4D95-858B-22C5DAB30BEC}.Release|Any CPU.ActiveCfg = Release|Any CPU
		{F906C1F2-3513-4D95-858B-22C5DAB30BEC}.Release|Any CPU.Build.0 = Release|Any CPU
		{F906C1F2-3513-4D95-858B-22C5DAB30BEC}.Release|x64.ActiveCfg = Release|Any CPU
		{F906C1F2-3513-4D95-858B-22C5DAB30BEC}.Release|x64.Build.0 = Release|Any CPU
		{D7ED48CA-CF26-48F0-AB13-334A5DF34F7B}.Debug|Any CPU.ActiveCfg = Debug|x64
		{D7ED48CA-CF26-48F0-AB13-334A5DF34F7B}.Debug|Any CPU.Build.0 = Debug|x64
		{D7ED48CA-CF26-48F0-AB13-334A5DF34F7B}.Debug|Any CPU.Deploy.0 = Debug|x64
		{D7ED48CA-CF26-48F0-AB13-334A5DF34F7B}.Debug|x64.ActiveCfg = Debug|x64
		{D7ED48CA-CF26-48F0-AB13-334A5DF34F7B}.Debug|x64.Build.0 = Debug|x64
		{D7ED48CA-CF26-48F0-AB13-334A5DF34F7B}.Debug|x64.Deploy.0 = Debug|x64
		{D7ED48CA-CF26-48F0-AB13-334A5DF34F7B}.Release|Any CPU.ActiveCfg = Release|x64
		{D7ED48CA-CF26-48F0-AB13-334A5DF34F7B}.Release|Any CPU.Build.0 = Release|x64
		{D7ED48CA-CF26-48F0-AB13-334A5DF34F7B}.Release|Any CPU.Deploy.0 = Release|x64
		{D7ED48CA-CF26-48F0-AB13-334A5DF34F7B}.Release|x64.ActiveCfg = Release|x64
		{D7ED48CA-CF26-48F0-AB13-334A5DF34F7B}.Release|x64.Build.0 = Release|x64
		{D7ED48CA-CF26-48F0-AB13-334A5DF34F7B}.Release|x64.Deploy.0 = Release|x64
	EndGlobalSection
	GlobalSection(SolutionProperties) = preSolution
		HideSolutionNode = FALSE
	EndGlobalSection
	GlobalSection(ExtensibilityGlobals) = postSolution
		SolutionGuid = {64DD23D6-C70C-48F1-BE9F-329815F6C2F2}
	EndGlobalSection
EndGlobal
